# This file is automatically @generated by Cargo.
# It is not intended for manual editing.
version = 4

[[package]]
name = "onebrc"
version = "0.1.0"
dependencies = [
 "rapidhash",
 "rustc-hash",
]

[[package]]
name = "rapidhash"
version = "4.1.1"
source = "registry+https://github.com/rust-lang/crates.io-index"
checksum = "d8e65c75143ce5d47c55b510297eeb1182f3c739b6043c537670e9fc18612dae"
dependencies = [
 "rustversion",
]

[[package]]
name = "rustc-hash"
version = "2.1.1"
source = "registry+https://github.com/rust-lang/crates.io-index"
checksum = "357703d41365b4b27c590e3ed91eabb1b663f07c4c084095e60cbed4362dff0d"

[[package]]
name = "rustversion"
version = "1.0.22"
source = "registry+https://github.com/rust-lang/crates.io-index"
checksum = "b39cdef0fa800fc44525c84ccb54a029961a8215f9619753635a9c0d2538d46d"
